
Microsoft Visual Studio Solution File, Format Version 12.00
# Visual Studio 15
VisualStudioVersion = 15.0.28307.136
MinimumVisualStudioVersion = 10.0.40219.1
Project("{F2A71F9B-5D33-465A-A702-920D77279786}") = "Puzzle13", "Puzzle13\Puzzle13.fsproj", "{4DE3D40B-0F5D-4C0C-9A8E-A6C2D432198D}"
EndProject
Global
	GlobalSection(SolutionConfigurationPlatforms) = preSolution
		Debug|Any CPU = Debug|Any CPU
		Release|Any CPU = Release|Any CPU
	EndGlobalSection
	GlobalSection(ProjectConfigurationPlatforms) = postSolution
		{4DE3D40B-0F5D-4C0C-9A8E-A6C2D432198D}.Debug|Any CPU.ActiveCfg = Debug|Any CPU
		{4DE3D40B-0F5D-4C0C-9A8E-A6C2D432198D}.Debug|Any CPU.Build.0 = Debug|Any CPU
		{4DE3D40B-0F5D-4C0C-9A8E-A6C2D432198D}.Release|Any CPU.ActiveCfg = Release|Any CPU
		{4DE3D40B-0F5D-4C0C-9A8E-A6C2D432198D}.Release|Any CPU.Build.0 = Release|Any CPU
	EndGlobalSection
	GlobalSection(SolutionProperties) = preSolution
		HideSolutionNode = FALSE
	EndGlobalSection
	GlobalSection(ExtensibilityGlobals) = postSolution
		SolutionGuid = {C5BBB5ED-CDF3-4D1C-88F5-D9F73BD7292A}
	EndGlobalSection
EndGlobal
