
Microsoft Visual Studio Solution File, Format Version 12.00
# Visual Studio Version 17
VisualStudioVersion = 17.0.31903.59
MinimumVisualStudioVersion = 10.0.40219.1
Project("{FAE04EC0-301F-11D3-BF4B-00C04F79EFBC}") = "AOC2024", "AOC2024\AOC2024.csproj", "{10EB9ED4-2B9C-402F-95EE-FD492651157F}"
EndProject
Project("{FAE04EC0-301F-11D3-BF4B-00C04F79EFBC}") = "AOC2024Tests", "AOC2024Tests\AOC2024Tests.csproj", "{1E6DD66F-06C5-4E64-AC0F-84F890DC5A37}"
EndProject
Global
	GlobalSection(SolutionConfigurationPlatforms) = preSolution
		Debug|Any CPU = Debug|Any CPU
		Release|Any CPU = Release|Any CPU
	EndGlobalSection
	GlobalSection(SolutionProperties) = preSolution
		HideSolutionNode = FALSE
	EndGlobalSection
	GlobalSection(ProjectConfigurationPlatforms) = postSolution
		{10EB9ED4-2B9C-402F-95EE-FD492651157F}.Debug|Any CPU.ActiveCfg = Debug|Any CPU
		{10EB9ED4-2B9C-402F-95EE-FD492651157F}.Debug|Any CPU.Build.0 = Debug|Any CPU
		{10EB9ED4-2B9C-402F-95EE-FD492651157F}.Release|Any CPU.ActiveCfg = Release|Any CPU
		{10EB9ED4-2B9C-402F-95EE-FD492651157F}.Release|Any CPU.Build.0 = Release|Any CPU
		{1E6DD66F-06C5-4E64-AC0F-84F890DC5A37}.Debug|Any CPU.ActiveCfg = Debug|Any CPU
		{1E6DD66F-06C5-4E64-AC0F-84F890DC5A37}.Debug|Any CPU.Build.0 = Debug|Any CPU
		{1E6DD66F-06C5-4E64-AC0F-84F890DC5A37}.Release|Any CPU.ActiveCfg = Release|Any CPU
		{1E6DD66F-06C5-4E64-AC0F-84F890DC5A37}.Release|Any CPU.Build.0 = Release|Any CPU
	EndGlobalSection
EndGlobal
