
Microsoft Visual Studio Solution File, Format Version 12.00
# Visual Studio 15
VisualStudioVersion = 15.0.28307.136
MinimumVisualStudioVersion = 10.0.40219.1
Project("{F2A71F9B-5D33-465A-A702-920D77279786}") = "Puzzle08", "Puzzle08\Puzzle08.fsproj", "{5BBEED0A-D726-4E75-BB79-24ABF307BE74}"
EndProject
Global
	GlobalSection(SolutionConfigurationPlatforms) = preSolution
		Debug|Any CPU = Debug|Any CPU
		Release|Any CPU = Release|Any CPU
	EndGlobalSection
	GlobalSection(ProjectConfigurationPlatforms) = postSolution
		{5BBEED0A-D726-4E75-BB79-24ABF307BE74}.Debug|Any CPU.ActiveCfg = Debug|Any CPU
		{5BBEED0A-D726-4E75-BB79-24ABF307BE74}.Debug|Any CPU.Build.0 = Debug|Any CPU
		{5BBEED0A-D726-4E75-BB79-24ABF307BE74}.Release|Any CPU.ActiveCfg = Release|Any CPU
		{5BBEED0A-D726-4E75-BB79-24ABF307BE74}.Release|Any CPU.Build.0 = Release|Any CPU
	EndGlobalSection
	GlobalSection(SolutionProperties) = preSolution
		HideSolutionNode = FALSE
	EndGlobalSection
	GlobalSection(ExtensibilityGlobals) = postSolution
		SolutionGuid = {F40F617E-526B-4FE3-94E2-1F653879A25C}
	EndGlobalSection
EndGlobal
