
Microsoft Visual Studio Solution File, Format Version 12.00
# Visual Studio Version 16
VisualStudioVersion = 16.0.29509.3
MinimumVisualStudioVersion = 10.0.40219.1
Project("{9A19103F-16F7-4668-BE54-9A1E7A4F7556}") = "AoC2019", "AoC2019\AoC2019.csproj", "{74B3157C-83C2-4BAC-9ED0-5AC564738BDB}"
EndProject
Project("{FAE04EC0-301F-11D3-BF4B-00C04F79EFBC}") = "AoCTests", "AoCTests\AoCTests.csproj", "{68074580-48AA-4B56-96C2-BEDD67F1556F}"
EndProject
Global
	GlobalSection(SolutionConfigurationPlatforms) = preSolution
		Debug|Any CPU = Debug|Any CPU
		Release|Any CPU = Release|Any CPU
	EndGlobalSection
	GlobalSection(ProjectConfigurationPlatforms) = postSolution
		{74B3157C-83C2-4BAC-9ED0-5AC564738BDB}.Debug|Any CPU.ActiveCfg = Debug|Any CPU
		{74B3157C-83C2-4BAC-9ED0-5AC564738BDB}.Debug|Any CPU.Build.0 = Debug|Any CPU
		{74B3157C-83C2-4BAC-9ED0-5AC564738BDB}.Release|Any CPU.ActiveCfg = Release|Any CPU
		{74B3157C-83C2-4BAC-9ED0-5AC564738BDB}.Release|Any CPU.Build.0 = Release|Any CPU
		{68074580-48AA-4B56-96C2-BEDD67F1556F}.Debug|Any CPU.ActiveCfg = Debug|Any CPU
		{68074580-48AA-4B56-96C2-BEDD67F1556F}.Debug|Any CPU.Build.0 = Debug|Any CPU
		{68074580-48AA-4B56-96C2-BEDD67F1556F}.Release|Any CPU.ActiveCfg = Release|Any CPU
		{68074580-48AA-4B56-96C2-BEDD67F1556F}.Release|Any CPU.Build.0 = Release|Any CPU
	EndGlobalSection
	GlobalSection(SolutionProperties) = preSolution
		HideSolutionNode = FALSE
	EndGlobalSection
	GlobalSection(ExtensibilityGlobals) = postSolution
		SolutionGuid = {8E1B15BC-5EEE-439A-A109-23F17062BDA9}
	EndGlobalSection
EndGlobal
