
Microsoft Visual Studio Solution File, Format Version 12.00
# Visual Studio 14
VisualStudioVersion = 14.0.25420.1
MinimumVisualStudioVersion = 10.0.40219.1
Project("{FAE04EC0-301F-11D3-BF4B-00C04F79EFBC}") = "Puzzle11", "Puzzle11\Puzzle11.csproj", "{CF752854-8023-44F0-919A-CEA91C4099B7}"
EndProject
Project("{FAE04EC0-301F-11D3-BF4B-00C04F79EFBC}") = "Puzzle11Tests", "Puzzle11Tests\Puzzle11Tests.csproj", "{ECE85204-A7C6-4513-8648-5059BA697615}"
EndProject
Global
	GlobalSection(SolutionConfigurationPlatforms) = preSolution
		Debug|Any CPU = Debug|Any CPU
		Release|Any CPU = Release|Any CPU
	EndGlobalSection
	GlobalSection(ProjectConfigurationPlatforms) = postSolution
		{CF752854-8023-44F0-919A-CEA91C4099B7}.Debug|Any CPU.ActiveCfg = Debug|Any CPU
		{CF752854-8023-44F0-919A-CEA91C4099B7}.Debug|Any CPU.Build.0 = Debug|Any CPU
		{CF752854-8023-44F0-919A-CEA91C4099B7}.Release|Any CPU.ActiveCfg = Release|Any CPU
		{CF752854-8023-44F0-919A-CEA91C4099B7}.Release|Any CPU.Build.0 = Release|Any CPU
		{ECE85204-A7C6-4513-8648-5059BA697615}.Debug|Any CPU.ActiveCfg = Debug|Any CPU
		{ECE85204-A7C6-4513-8648-5059BA697615}.Debug|Any CPU.Build.0 = Debug|Any CPU
		{ECE85204-A7C6-4513-8648-5059BA697615}.Release|Any CPU.ActiveCfg = Release|Any CPU
		{ECE85204-A7C6-4513-8648-5059BA697615}.Release|Any CPU.Build.0 = Release|Any CPU
	EndGlobalSection
	GlobalSection(SolutionProperties) = preSolution
		HideSolutionNode = FALSE
	EndGlobalSection
EndGlobal
