
Microsoft Visual Studio Solution File, Format Version 12.00
# Visual Studio Version 16
VisualStudioVersion = 16.0.30717.126
MinimumVisualStudioVersion = 10.0.40219.1
Project("{9A19103F-16F7-4668-BE54-9A1E7A4F7556}") = "AOC2020", "AOC2020\AOC2020.csproj", "{1C50D028-8A7B-4584-9653-5C39BD21C338}"
EndProject
Project("{9A19103F-16F7-4668-BE54-9A1E7A4F7556}") = "Tests", "Tests\Tests.csproj", "{BFC18008-7B90-4A9E-8676-75E815D8FE78}"
EndProject
Project("{FAE04EC0-301F-11D3-BF4B-00C04F79EFBC}") = "AOC2020Benchmarks", "AOC2020Benchmarks\AOC2020Benchmarks.csproj", "{937F450E-BD2C-4B64-BC44-ECE4417273B3}"
EndProject
Global
	GlobalSection(SolutionConfigurationPlatforms) = preSolution
		Debug|Any CPU = Debug|Any CPU
		Release|Any CPU = Release|Any CPU
	EndGlobalSection
	GlobalSection(ProjectConfigurationPlatforms) = postSolution
		{1C50D028-8A7B-4584-9653-5C39BD21C338}.Debug|Any CPU.ActiveCfg = Debug|Any CPU
		{1C50D028-8A7B-4584-9653-5C39BD21C338}.Debug|Any CPU.Build.0 = Debug|Any CPU
		{1C50D028-8A7B-4584-9653-5C39BD21C338}.Release|Any CPU.ActiveCfg = Release|Any CPU
		{1C50D028-8A7B-4584-9653-5C39BD21C338}.Release|Any CPU.Build.0 = Release|Any CPU
		{BFC18008-7B90-4A9E-8676-75E815D8FE78}.Debug|Any CPU.ActiveCfg = Debug|Any CPU
		{BFC18008-7B90-4A9E-8676-75E815D8FE78}.Debug|Any CPU.Build.0 = Debug|Any CPU
		{BFC18008-7B90-4A9E-8676-75E815D8FE78}.Release|Any CPU.ActiveCfg = Release|Any CPU
		{BFC18008-7B90-4A9E-8676-75E815D8FE78}.Release|Any CPU.Build.0 = Release|Any CPU
		{937F450E-BD2C-4B64-BC44-ECE4417273B3}.Debug|Any CPU.ActiveCfg = Debug|Any CPU
		{937F450E-BD2C-4B64-BC44-ECE4417273B3}.Release|Any CPU.ActiveCfg = Release|Any CPU
		{937F450E-BD2C-4B64-BC44-ECE4417273B3}.Release|Any CPU.Build.0 = Release|Any CPU
	EndGlobalSection
	GlobalSection(SolutionProperties) = preSolution
		HideSolutionNode = FALSE
	EndGlobalSection
	GlobalSection(ExtensibilityGlobals) = postSolution
		SolutionGuid = {911EFA75-FFCE-41D6-9789-6B1288588022}
	EndGlobalSection
EndGlobal
