
Microsoft Visual Studio Solution File, Format Version 12.00
# Visual Studio 15
VisualStudioVersion = 15.0.28307.136
MinimumVisualStudioVersion = 10.0.40219.1
Project("{F2A71F9B-5D33-465A-A702-920D77279786}") = "Puzzle09", "Puzzle09\Puzzle09.fsproj", "{42BDC3FE-043F-4861-B228-1BA2DAC2C801}"
EndProject
Global
	GlobalSection(SolutionConfigurationPlatforms) = preSolution
		Debug|Any CPU = Debug|Any CPU
		Release|Any CPU = Release|Any CPU
	EndGlobalSection
	GlobalSection(ProjectConfigurationPlatforms) = postSolution
		{42BDC3FE-043F-4861-B228-1BA2DAC2C801}.Debug|Any CPU.ActiveCfg = Debug|Any CPU
		{42BDC3FE-043F-4861-B228-1BA2DAC2C801}.Debug|Any CPU.Build.0 = Debug|Any CPU
		{42BDC3FE-043F-4861-B228-1BA2DAC2C801}.Release|Any CPU.ActiveCfg = Release|Any CPU
		{42BDC3FE-043F-4861-B228-1BA2DAC2C801}.Release|Any CPU.Build.0 = Release|Any CPU
	EndGlobalSection
	GlobalSection(SolutionProperties) = preSolution
		HideSolutionNode = FALSE
	EndGlobalSection
	GlobalSection(ExtensibilityGlobals) = postSolution
		SolutionGuid = {5CF274CD-5593-4EAA-A75A-1B29FC04EB7D}
	EndGlobalSection
EndGlobal
