
Microsoft Visual Studio Solution File, Format Version 12.00
# Visual Studio 15
VisualStudioVersion = 15.0.28010.2048
MinimumVisualStudioVersion = 10.0.40219.1
Project("{F2A71F9B-5D33-465A-A702-920D77279786}") = "Puzzle15", "Puzzle15\Puzzle15.fsproj", "{56DBCEF3-4479-49E6-A7B0-4EC9B5E3AB38}"
EndProject
Project("{F2A71F9B-5D33-465A-A702-920D77279786}") = "Utils", "..\Utils\Utils\Utils.fsproj", "{21489443-6504-4E8A-9E61-18595469102D}"
EndProject
Global
	GlobalSection(SolutionConfigurationPlatforms) = preSolution
		Debug|Any CPU = Debug|Any CPU
		Release|Any CPU = Release|Any CPU
	EndGlobalSection
	GlobalSection(ProjectConfigurationPlatforms) = postSolution
		{56DBCEF3-4479-49E6-A7B0-4EC9B5E3AB38}.Debug|Any CPU.ActiveCfg = Debug|Any CPU
		{56DBCEF3-4479-49E6-A7B0-4EC9B5E3AB38}.Debug|Any CPU.Build.0 = Debug|Any CPU
		{56DBCEF3-4479-49E6-A7B0-4EC9B5E3AB38}.Release|Any CPU.ActiveCfg = Release|Any CPU
		{56DBCEF3-4479-49E6-A7B0-4EC9B5E3AB38}.Release|Any CPU.Build.0 = Release|Any CPU
		{21489443-6504-4E8A-9E61-18595469102D}.Debug|Any CPU.ActiveCfg = Debug|Any CPU
		{21489443-6504-4E8A-9E61-18595469102D}.Debug|Any CPU.Build.0 = Debug|Any CPU
		{21489443-6504-4E8A-9E61-18595469102D}.Release|Any CPU.ActiveCfg = Release|Any CPU
		{21489443-6504-4E8A-9E61-18595469102D}.Release|Any CPU.Build.0 = Release|Any CPU
	EndGlobalSection
	GlobalSection(SolutionProperties) = preSolution
		HideSolutionNode = FALSE
	EndGlobalSection
	GlobalSection(ExtensibilityGlobals) = postSolution
		SolutionGuid = {3E341824-ABCA-4C07-B5E3-E320C77E05DE}
	EndGlobalSection
EndGlobal
