
Microsoft Visual Studio Solution File, Format Version 12.00
# Visual Studio 15
VisualStudioVersion = 15.0.27004.2005
MinimumVisualStudioVersion = 10.0.40219.1
Project("{F2A71F9B-5D33-465A-A702-920D77279786}") = "Puzzle06", "Puzzle06\Puzzle06.fsproj", "{40523B77-432F-4B6D-9DFD-DA0ADD4F3EF4}"
EndProject
Project("{F2A71F9B-5D33-465A-A702-920D77279786}") = "Utils", "..\Utils\Utils\Utils.fsproj", "{21489443-6504-4E8A-9E61-18595469102D}"
EndProject
Global
	GlobalSection(SolutionConfigurationPlatforms) = preSolution
		Debug|Any CPU = Debug|Any CPU
		Release|Any CPU = Release|Any CPU
	EndGlobalSection
	GlobalSection(ProjectConfigurationPlatforms) = postSolution
		{40523B77-432F-4B6D-9DFD-DA0ADD4F3EF4}.Debug|Any CPU.ActiveCfg = Debug|Any CPU
		{40523B77-432F-4B6D-9DFD-DA0ADD4F3EF4}.Debug|Any CPU.Build.0 = Debug|Any CPU
		{40523B77-432F-4B6D-9DFD-DA0ADD4F3EF4}.Release|Any CPU.ActiveCfg = Release|Any CPU
		{40523B77-432F-4B6D-9DFD-DA0ADD4F3EF4}.Release|Any CPU.Build.0 = Release|Any CPU
		{21489443-6504-4E8A-9E61-18595469102D}.Debug|Any CPU.ActiveCfg = Debug|Any CPU
		{21489443-6504-4E8A-9E61-18595469102D}.Debug|Any CPU.Build.0 = Debug|Any CPU
		{21489443-6504-4E8A-9E61-18595469102D}.Release|Any CPU.ActiveCfg = Release|Any CPU
		{21489443-6504-4E8A-9E61-18595469102D}.Release|Any CPU.Build.0 = Release|Any CPU
	EndGlobalSection
	GlobalSection(SolutionProperties) = preSolution
		HideSolutionNode = FALSE
	EndGlobalSection
	GlobalSection(ExtensibilityGlobals) = postSolution
		SolutionGuid = {0C51E339-F29F-4E4F-9034-26C7779506CC}
	EndGlobalSection
EndGlobal
